
Microsoft Visual Studio Solution File, Format Version 12.00
# Visual Studio Version 17
VisualStudioVersion = 17.3.32901.215
MinimumVisualStudioVersion = 10.0.40219.1
Project("{FAE04EC0-301F-11D3-BF4B-00C04F79EFBC}") = "CSV_Assesment", "CSV Assesment\CSV_Assesment.csproj", "{C8FB066C-C41E-41C3-89D9-F05CFE8D8581}"
EndProject
Project("{FAE04EC0-301F-11D3-BF4B-00C04F79EFBC}") = "cvs input app", "cvs input app\cvs input app.csproj", "{4245802C-A394-4185-9E0A-29933F3B6EB3}"
EndProject
Global
	GlobalSection(SolutionConfigurationPlatforms) = preSolution
		Debug|Any CPU = Debug|Any CPU
		Release|Any CPU = Release|Any CPU
	EndGlobalSection
	GlobalSection(ProjectConfigurationPlatforms) = postSolution
		{C8FB066C-C41E-41C3-89D9-F05CFE8D8581}.Debug|Any CPU.ActiveCfg = Debug|Any CPU
		{C8FB066C-C41E-41C3-89D9-F05CFE8D8581}.Debug|Any CPU.Build.0 = Debug|Any CPU
		{C8FB066C-C41E-41C3-89D9-F05CFE8D8581}.Release|Any CPU.ActiveCfg = Release|Any CPU
		{C8FB066C-C41E-41C3-89D9-F05CFE8D8581}.Release|Any CPU.Build.0 = Release|Any CPU
		{4245802C-A394-4185-9E0A-29933F3B6EB3}.Debug|Any CPU.ActiveCfg = Debug|Any CPU
		{4245802C-A394-4185-9E0A-29933F3B6EB3}.Debug|Any CPU.Build.0 = Debug|Any CPU
		{4245802C-A394-4185-9E0A-29933F3B6EB3}.Release|Any CPU.ActiveCfg = Release|Any CPU
		{4245802C-A394-4185-9E0A-29933F3B6EB3}.Release|Any CPU.Build.0 = Release|Any CPU
	EndGlobalSection
	GlobalSection(SolutionProperties) = preSolution
		HideSolutionNode = FALSE
	EndGlobalSection
	GlobalSection(ExtensibilityGlobals) = postSolution
		SolutionGuid = {AEE3EFA4-9E59-465A-92D4-46841E052379}
	EndGlobalSection
EndGlobal
